
Microsoft Visual Studio Solution File, Format Version 12.00
# Visual Studio Version 17
VisualStudioVersion = 17.14.36121.58 d17.14
MinimumVisualStudioVersion = 10.0.40219.1
Project("{FAE04EC0-301F-11D3-BF4B-00C04F79EFBC}") = "InterfacesExercicios2", "InterfacesExercicios2.csproj", "{937E00F0-5CCE-491C-8A40-DAB261D680E4}"
EndProject
Global
	GlobalSection(SolutionConfigurationPlatforms) = preSolution
		Debug|Any CPU = Debug|Any CPU
		Release|Any CPU = Release|Any CPU
	EndGlobalSection
	GlobalSection(ProjectConfigurationPlatforms) = postSolution
		{937E00F0-5CCE-491C-8A40-DAB261D680E4}.Debug|Any CPU.ActiveCfg = Debug|Any CPU
		{937E00F0-5CCE-491C-8A40-DAB261D680E4}.Debug|Any CPU.Build.0 = Debug|Any CPU
		{937E00F0-5CCE-491C-8A40-DAB261D680E4}.Release|Any CPU.ActiveCfg = Release|Any CPU
		{937E00F0-5CCE-491C-8A40-DAB261D680E4}.Release|Any CPU.Build.0 = Release|Any CPU
	EndGlobalSection
	GlobalSection(SolutionProperties) = preSolution
		HideSolutionNode = FALSE
	EndGlobalSection
	GlobalSection(ExtensibilityGlobals) = postSolution
		SolutionGuid = {DD57B11C-5C2D-4D53-B552-88F410390EA5}
	EndGlobalSection
EndGlobal
